// !$*UTF8*$!
{
	archiveVersion = 1;
	classes = {
	};
	objectVersion = 46;
	objects = {

/* Begin PBXBuildFile section */
		8E794D96EEB29CD40D2C40C7 /* Pods.framework in Frameworks */ = {isa = PBXBuildFile; fileRef = 7BC76849E26A254FD1DA6978 /* Pods.framework */; settings = {ATTRIBUTES = (Weak, ); }; };
		DB09CF2B1B9DE86600027BFE /* oauthViewController.swift in Sources */ = {isa = PBXBuildFile; fileRef = DB09CF2A1B9DE86600027BFE /* oauthViewController.swift */; };
		DB09CF2D1B9DEBB900027BFE /* NetworkTool.swift in Sources */ = {isa = PBXBuildFile; fileRef = DB09CF2C1B9DEBB900027BFE /* NetworkTool.swift */; };
		DB09CF2F1B9E00D200027BFE /* UserAccount.swift in Sources */ = {isa = PBXBuildFile; fileRef = DB09CF2E1B9E00D200027BFE /* UserAccount.swift */; };
		DB0DB3B01BA87BD100C9A4CA /* Emoticon.swift in Sources */ = {isa = PBXBuildFile; fileRef = DB0DB3AB1BA87BD100C9A4CA /* Emoticon.swift */; };
		DB0DB3B11BA87BD100C9A4CA /* EmoticonAttachment.swift in Sources */ = {isa = PBXBuildFile; fileRef = DB0DB3AC1BA87BD100C9A4CA /* EmoticonAttachment.swift */; };
		DB0DB3B21BA87BD100C9A4CA /* Emoticons.bundle in Resources */ = {isa = PBXBuildFile; fileRef = DB0DB3AD1BA87BD100C9A4CA /* Emoticons.bundle */; };
		DB0DB3B31BA87BD100C9A4CA /* EmoticonViewController.swift in Sources */ = {isa = PBXBuildFile; fileRef = DB0DB3AE1BA87BD100C9A4CA /* EmoticonViewController.swift */; };
		DB0DB3B41BA87BD100C9A4CA /* UITextView + Emoticon.swift in Sources */ = {isa = PBXBuildFile; fileRef = DB0DB3AF1BA87BD100C9A4CA /* UITextView + Emoticon.swift */; };
		DB1E483A1B9C196A0030E014 /* MainViewController.swift in Sources */ = {isa = PBXBuildFile; fileRef = DB1E48391B9C196A0030E014 /* MainViewController.swift */; };
		DB1E483C1B9C19830030E014 /* HomeTableViewController.swift in Sources */ = {isa = PBXBuildFile; fileRef = DB1E483B1B9C19830030E014 /* HomeTableViewController.swift */; };
		DB1E483E1B9C19990030E014 /* MessageTableViewController.swift in Sources */ = {isa = PBXBuildFile; fileRef = DB1E483D1B9C19990030E014 /* MessageTableViewController.swift */; };
		DB1E48401B9C19A70030E014 /* DiscoverTableViewController.swift in Sources */ = {isa = PBXBuildFile; fileRef = DB1E483F1B9C19A70030E014 /* DiscoverTableViewController.swift */; };
		DB1E48421B9C19B50030E014 /* ProfileTableViewController.swift in Sources */ = {isa = PBXBuildFile; fileRef = DB1E48411B9C19B50030E014 /* ProfileTableViewController.swift */; };
		DB1E48441B9C301E0030E014 /* BaseTableViewController.swift in Sources */ = {isa = PBXBuildFile; fileRef = DB1E48431B9C301E0030E014 /* BaseTableViewController.swift */; };
		DB4DFA621BA5DEB200FE0675 /* ComposeViewController.swift in Sources */ = {isa = PBXBuildFile; fileRef = DB4DFA611BA5DEB200FE0675 /* ComposeViewController.swift */; };
		DB4DFA641BA5E42F00FE0675 /* UIBarButtonItem + Extension.swift in Sources */ = {isa = PBXBuildFile; fileRef = DB4DFA631BA5E42F00FE0675 /* UIBarButtonItem + Extension.swift */; };
		DB587C291BA1F0AB00B53208 /* TopView.swift in Sources */ = {isa = PBXBuildFile; fileRef = DB587C281BA1F0AB00B53208 /* TopView.swift */; };
		DB587C2B1BA1F38F00B53208 /* UILabel + Extension.swift in Sources */ = {isa = PBXBuildFile; fileRef = DB587C2A1BA1F38F00B53208 /* UILabel + Extension.swift */; };
		DB5F35601BA9C83E000C0D14 /* UIImage + Extension.swift in Sources */ = {isa = PBXBuildFile; fileRef = DB5F355F1BA9C83E000C0D14 /* UIImage + Extension.swift */; };
		DB5F35631BA9C8B2000C0D14 /* PhotoSelectedCollectionViewController.swift in Sources */ = {isa = PBXBuildFile; fileRef = DB5F35621BA9C8B2000C0D14 /* PhotoSelectedCollectionViewController.swift */; };
		DB608BDE1BA012BF00DFDA32 /* NewfeatureCollectionViewController.swift in Sources */ = {isa = PBXBuildFile; fileRef = DB608BDD1BA012BF00DFDA32 /* NewfeatureCollectionViewController.swift */; };
		DB6769321BABB25E00876B64 /* PhotoCell.swift in Sources */ = {isa = PBXBuildFile; fileRef = DB6769311BABB25E00876B64 /* PhotoCell.swift */; };
		DB6769341BABB3BA00876B64 /* UIColor + Extension.swift in Sources */ = {isa = PBXBuildFile; fileRef = DB6769331BABB3BA00876B64 /* UIColor + Extension.swift */; };
		DB76680A1BADC08200334AC7 /* NSDate + Extension.swift in Sources */ = {isa = PBXBuildFile; fileRef = DB7668091BADC08200334AC7 /* NSDate + Extension.swift */; };
		DB76680C1BADC6ED00334AC7 /* String + Extension.swift in Sources */ = {isa = PBXBuildFile; fileRef = DB76680B1BADC6ED00334AC7 /* String + Extension.swift */; };
		DB778C701BA4259200F89D0B /* BottomView.swift in Sources */ = {isa = PBXBuildFile; fileRef = DB778C6F1BA4259200F89D0B /* BottomView.swift */; };
		DB778C721BA4282D00F89D0B /* UIButton + Extension.swift in Sources */ = {isa = PBXBuildFile; fileRef = DB778C711BA4282D00F89D0B /* UIButton + Extension.swift */; };
		DB778C761BA42E7B00F89D0B /* PictureView.swift in Sources */ = {isa = PBXBuildFile; fileRef = DB778C751BA42E7B00F89D0B /* PictureView.swift */; };
		DB778C781BA454A600F89D0B /* RetweetCell.swift in Sources */ = {isa = PBXBuildFile; fileRef = DB778C771BA454A600F89D0B /* RetweetCell.swift */; };
		DB778C7A1BA4685000F89D0B /* NormalCell.swift in Sources */ = {isa = PBXBuildFile; fileRef = DB778C791BA4685000F89D0B /* NormalCell.swift */; };
		DB7D2E931B9DA1C70009556D /* VisitLoginView.swift in Sources */ = {isa = PBXBuildFile; fileRef = DB7D2E921B9DA1C70009556D /* VisitLoginView.swift */; };
		DB7F90FB1BA52A5B00A79E40 /* Pods.framework in CopyFiles */ = {isa = PBXBuildFile; fileRef = 7BC76849E26A254FD1DA6978 /* Pods.framework */; settings = {ATTRIBUTES = (CodeSignOnCopy, RemoveHeadersOnCopy, ); }; };
		DB9F6FB11BAB9DFF00024039 /* PhotoBrowserController.swift in Sources */ = {isa = PBXBuildFile; fileRef = DB9F6FB01BAB9DFF00024039 /* PhotoBrowserController.swift */; };
		DBAEFF321B9C13D700C471E4 /* AppDelegate.swift in Sources */ = {isa = PBXBuildFile; fileRef = DBAEFF311B9C13D700C471E4 /* AppDelegate.swift */; };
		DBAEFF391B9C13D700C471E4 /* Assets.xcassets in Resources */ = {isa = PBXBuildFile; fileRef = DBAEFF381B9C13D700C471E4 /* Assets.xcassets */; };
		DBB8103C1BA002E800EBB0FD /* WelcomeViewController.swift in Sources */ = {isa = PBXBuildFile; fileRef = DBB8103B1BA002E800EBB0FD /* WelcomeViewController.swift */; };
		DBB96DFF1BA1EE3200586333 /* StatusCell.swift in Sources */ = {isa = PBXBuildFile; fileRef = DBB96DFE1BA1EE3200586333 /* StatusCell.swift */; };
		DBC608C51BA1CB990052E0A8 /* UIView+AutoLayout.swift in Sources */ = {isa = PBXBuildFile; fileRef = DBC608C41BA1CB990052E0A8 /* UIView+AutoLayout.swift */; };
		DBC608C71BA1D85D0052E0A8 /* Status.swift in Sources */ = {isa = PBXBuildFile; fileRef = DBC608C61BA1D85D0052E0A8 /* Status.swift */; };
		DBC608C91BA1D86B0052E0A8 /* User.swift in Sources */ = {isa = PBXBuildFile; fileRef = DBC608C81BA1D86B0052E0A8 /* User.swift */; };
		DBC638251BA5B79C00B387D5 /* DSRefreshControl.swift in Sources */ = {isa = PBXBuildFile; fileRef = DBC638241BA5B79C00B387D5 /* DSRefreshControl.swift */; };
		DBC638271BA5B7D200B387D5 /* DSRefreshView.xib in Resources */ = {isa = PBXBuildFile; fileRef = DBC638261BA5B7D200B387D5 /* DSRefreshView.xib */; };
		DBE109801BAFFBA800A8DE56 /* FFLabel.swift in Sources */ = {isa = PBXBuildFile; fileRef = DBE1097F1BAFFBA800A8DE56 /* FFLabel.swift */; };
		DBE109821BB0028500A8DE56 /* WebViewController.swift in Sources */ = {isa = PBXBuildFile; fileRef = DBE109811BB0028500A8DE56 /* WebViewController.swift */; };
		DBEC24531BB257030089E4B2 /* SQLiteManager.swift in Sources */ = {isa = PBXBuildFile; fileRef = DBEC24521BB257030089E4B2 /* SQLiteManager.swift */; };
		DBEC24631BB2571B0089E4B2 /* FMDatabase.m in Sources */ = {isa = PBXBuildFile; fileRef = DBEC24561BB2571B0089E4B2 /* FMDatabase.m */; };
		DBEC24641BB2571B0089E4B2 /* FMDatabaseAdditions.m in Sources */ = {isa = PBXBuildFile; fileRef = DBEC24581BB2571B0089E4B2 /* FMDatabaseAdditions.m */; };
		DBEC24651BB2571B0089E4B2 /* FMDatabasePool.m in Sources */ = {isa = PBXBuildFile; fileRef = DBEC245A1BB2571B0089E4B2 /* FMDatabasePool.m */; };
		DBEC24661BB2571B0089E4B2 /* FMDatabaseQueue.m in Sources */ = {isa = PBXBuildFile; fileRef = DBEC245C1BB2571B0089E4B2 /* FMDatabaseQueue.m */; };
		DBEC24671BB2571B0089E4B2 /* FMResultSet.m in Sources */ = {isa = PBXBuildFile; fileRef = DBEC245F1BB2571B0089E4B2 /* FMResultSet.m */; };
		DBEC24681BB2571B0089E4B2 /* FMDatabaseAdditionsVariadic.swift in Sources */ = {isa = PBXBuildFile; fileRef = DBEC24611BB2571B0089E4B2 /* FMDatabaseAdditionsVariadic.swift */; };
		DBEC24691BB2571B0089E4B2 /* FMDatabaseVariadic.swift in Sources */ = {isa = PBXBuildFile; fileRef = DBEC24621BB2571B0089E4B2 /* FMDatabaseVariadic.swift */; };
		DBEC246C1BB257770089E4B2 /* tables.sql in Resources */ = {isa = PBXBuildFile; fileRef = DBEC246B1BB257770089E4B2 /* tables.sql */; };
		DBEC246F1BB257F30089E4B2 /* libsqlite3.tbd in Frameworks */ = {isa = PBXBuildFile; fileRef = DBEC246E1BB257F30089E4B2 /* libsqlite3.tbd */; };
		DBEC24721BB25A280089E4B2 /* StatusDAL.swift in Sources */ = {isa = PBXBuildFile; fileRef = DBEC24711BB25A280089E4B2 /* StatusDAL.swift */; };
/* End PBXBuildFile section */

/* Begin PBXCopyFilesBuildPhase section */
		DB7F90FA1BA52A4100A79E40 /* CopyFiles */ = {
			isa = PBXCopyFilesBuildPhase;
			buildActionMask = 2147483647;
			dstPath = "";
			dstSubfolderSpec = 10;
			files = (
				DB7F90FB1BA52A5B00A79E40 /* Pods.framework in CopyFiles */,
			);
			runOnlyForDeploymentPostprocessing = 0;
		};
/* End PBXCopyFilesBuildPhase section */

/* Begin PBXFileReference section */
		7BC76849E26A254FD1DA6978 /* Pods.framework */ = {isa = PBXFileReference; explicitFileType = wrapper.framework; includeInIndex = 0; path = Pods.framework; sourceTree = BUILT_PRODUCTS_DIR; };
		D437C08358591E407F77627D /* Pods.release.xcconfig */ = {isa = PBXFileReference; includeInIndex = 1; lastKnownFileType = text.xcconfig; name = Pods.release.xcconfig; path = "Pods/Target Support Files/Pods/Pods.release.xcconfig"; sourceTree = "<group>"; };
		DB09CF2A1B9DE86600027BFE /* oauthViewController.swift */ = {isa = PBXFileReference; fileEncoding = 4; lastKnownFileType = sourcecode.swift; path = oauthViewController.swift; sourceTree = "<group>"; };
		DB09CF2C1B9DEBB900027BFE /* NetworkTool.swift */ = {isa = PBXFileReference; fileEncoding = 4; lastKnownFileType = sourcecode.swift; path = NetworkTool.swift; sourceTree = "<group>"; };
		DB09CF2E1B9E00D200027BFE /* UserAccount.swift */ = {isa = PBXFileReference; fileEncoding = 4; lastKnownFileType = sourcecode.swift; path = UserAccount.swift; sourceTree = "<group>"; };
		DB0DB3AB1BA87BD100C9A4CA /* Emoticon.swift */ = {isa = PBXFileReference; fileEncoding = 4; lastKnownFileType = sourcecode.swift; path = Emoticon.swift; sourceTree = "<group>"; };
		DB0DB3AC1BA87BD100C9A4CA /* EmoticonAttachment.swift */ = {isa = PBXFileReference; fileEncoding = 4; lastKnownFileType = sourcecode.swift; path = EmoticonAttachment.swift; sourceTree = "<group>"; };
		DB0DB3AD1BA87BD100C9A4CA /* Emoticons.bundle */ = {isa = PBXFileReference; lastKnownFileType = "wrapper.plug-in"; path = Emoticons.bundle; sourceTree = "<group>"; };
		DB0DB3AE1BA87BD100C9A4CA /* EmoticonViewController.swift */ = {isa = PBXFileReference; fileEncoding = 4; lastKnownFileType = sourcecode.swift; path = EmoticonViewController.swift; sourceTree = "<group>"; };
		DB0DB3AF1BA87BD100C9A4CA /* UITextView + Emoticon.swift */ = {isa = PBXFileReference; fileEncoding = 4; lastKnownFileType = sourcecode.swift; path = "UITextView + Emoticon.swift"; sourceTree = "<group>"; };
		DB1E48391B9C196A0030E014 /* MainViewController.swift */ = {isa = PBXFileReference; fileEncoding = 4; lastKnownFileType = sourcecode.swift; path = MainViewController.swift; sourceTree = "<group>"; };
		DB1E483B1B9C19830030E014 /* HomeTableViewController.swift */ = {isa = PBXFileReference; fileEncoding = 4; lastKnownFileType = sourcecode.swift; path = HomeTableViewController.swift; sourceTree = "<group>"; };
		DB1E483D1B9C19990030E014 /* MessageTableViewController.swift */ = {isa = PBXFileReference; fileEncoding = 4; lastKnownFileType = sourcecode.swift; path = MessageTableViewController.swift; sourceTree = "<group>"; };
		DB1E483F1B9C19A70030E014 /* DiscoverTableViewController.swift */ = {isa = PBXFileReference; fileEncoding = 4; lastKnownFileType = sourcecode.swift; path = DiscoverTableViewController.swift; sourceTree = "<group>"; };
		DB1E48411B9C19B50030E014 /* ProfileTableViewController.swift */ = {isa = PBXFileReference; fileEncoding = 4; lastKnownFileType = sourcecode.swift; path = ProfileTableViewController.swift; sourceTree = "<group>"; };
		DB1E48431B9C301E0030E014 /* BaseTableViewController.swift */ = {isa = PBXFileReference; fileEncoding = 4; lastKnownFileType = sourcecode.swift; path = BaseTableViewController.swift; sourceTree = "<group>"; };
		DB4DFA611BA5DEB200FE0675 /* ComposeViewController.swift */ = {isa = PBXFileReference; fileEncoding = 4; lastKnownFileType = sourcecode.swift; path = ComposeViewController.swift; sourceTree = "<group>"; };
		DB4DFA631BA5E42F00FE0675 /* UIBarButtonItem + Extension.swift */ = {isa = PBXFileReference; fileEncoding = 4; lastKnownFileType = sourcecode.swift; path = "UIBarButtonItem + Extension.swift"; sourceTree = "<group>"; };
		DB587C281BA1F0AB00B53208 /* TopView.swift */ = {isa = PBXFileReference; fileEncoding = 4; lastKnownFileType = sourcecode.swift; path = TopView.swift; sourceTree = "<group>"; };
		DB587C2A1BA1F38F00B53208 /* UILabel + Extension.swift */ = {isa = PBXFileReference; fileEncoding = 4; lastKnownFileType = sourcecode.swift; name = "UILabel + Extension.swift"; path = "../Module/Home(首页)/StatusCell/UILabel + Extension.swift"; sourceTree = "<group>"; };
		DB5F355F1BA9C83E000C0D14 /* UIImage + Extension.swift */ = {isa = PBXFileReference; fileEncoding = 4; lastKnownFileType = sourcecode.swift; path = "UIImage + Extension.swift"; sourceTree = "<group>"; };
		DB5F35621BA9C8B2000C0D14 /* PhotoSelectedCollectionViewController.swift */ = {isa = PBXFileReference; fileEncoding = 4; lastKnownFileType = sourcecode.swift; path = PhotoSelectedCollectionViewController.swift; sourceTree = "<group>"; };
		DB608BDD1BA012BF00DFDA32 /* NewfeatureCollectionViewController.swift */ = {isa = PBXFileReference; fileEncoding = 4; lastKnownFileType = sourcecode.swift; path = NewfeatureCollectionViewController.swift; sourceTree = "<group>"; };
		DB6769311BABB25E00876B64 /* PhotoCell.swift */ = {isa = PBXFileReference; fileEncoding = 4; lastKnownFileType = sourcecode.swift; path = PhotoCell.swift; sourceTree = "<group>"; };
		DB6769331BABB3BA00876B64 /* UIColor + Extension.swift */ = {isa = PBXFileReference; fileEncoding = 4; lastKnownFileType = sourcecode.swift; path = "UIColor + Extension.swift"; sourceTree = "<group>"; };
		DB7668091BADC08200334AC7 /* NSDate + Extension.swift */ = {isa = PBXFileReference; fileEncoding = 4; lastKnownFileType = sourcecode.swift; path = "NSDate + Extension.swift"; sourceTree = "<group>"; };
		DB76680B1BADC6ED00334AC7 /* String + Extension.swift */ = {isa = PBXFileReference; fileEncoding = 4; lastKnownFileType = sourcecode.swift; path = "String + Extension.swift"; sourceTree = "<group>"; };
		DB778C6F1BA4259200F89D0B /* BottomView.swift */ = {isa = PBXFileReference; fileEncoding = 4; lastKnownFileType = sourcecode.swift; path = BottomView.swift; sourceTree = "<group>"; };
		DB778C711BA4282D00F89D0B /* UIButton + Extension.swift */ = {isa = PBXFileReference; fileEncoding = 4; lastKnownFileType = sourcecode.swift; path = "UIButton + Extension.swift"; sourceTree = "<group>"; };
		DB778C751BA42E7B00F89D0B /* PictureView.swift */ = {isa = PBXFileReference; fileEncoding = 4; lastKnownFileType = sourcecode.swift; path = PictureView.swift; sourceTree = "<group>"; };
		DB778C771BA454A600F89D0B /* RetweetCell.swift */ = {isa = PBXFileReference; fileEncoding = 4; lastKnownFileType = sourcecode.swift; path = RetweetCell.swift; sourceTree = "<group>"; };
		DB778C791BA4685000F89D0B /* NormalCell.swift */ = {isa = PBXFileReference; fileEncoding = 4; lastKnownFileType = sourcecode.swift; path = NormalCell.swift; sourceTree = "<group>"; };
		DB7D2E921B9DA1C70009556D /* VisitLoginView.swift */ = {isa = PBXFileReference; fileEncoding = 4; lastKnownFileType = sourcecode.swift; path = VisitLoginView.swift; sourceTree = "<group>"; };
		DB9F6FB01BAB9DFF00024039 /* PhotoBrowserController.swift */ = {isa = PBXFileReference; fileEncoding = 4; lastKnownFileType = sourcecode.swift; path = PhotoBrowserController.swift; sourceTree = "<group>"; };
		DBAEFF2E1B9C13D700C471E4 /* weiboInSwift.app */ = {isa = PBXFileReference; explicitFileType = wrapper.application; includeInIndex = 0; path = weiboInSwift.app; sourceTree = BUILT_PRODUCTS_DIR; };
		DBAEFF311B9C13D700C471E4 /* AppDelegate.swift */ = {isa = PBXFileReference; lastKnownFileType = sourcecode.swift; path = AppDelegate.swift; sourceTree = "<group>"; };
		DBAEFF381B9C13D700C471E4 /* Assets.xcassets */ = {isa = PBXFileReference; lastKnownFileType = folder.assetcatalog; path = Assets.xcassets; sourceTree = "<group>"; };
		DBAEFF3D1B9C13D700C471E4 /* Info.plist */ = {isa = PBXFileReference; lastKnownFileType = text.plist.xml; path = Info.plist; sourceTree = "<group>"; };
		DBB8103B1BA002E800EBB0FD /* WelcomeViewController.swift */ = {isa = PBXFileReference; fileEncoding = 4; lastKnownFileType = sourcecode.swift; path = WelcomeViewController.swift; sourceTree = "<group>"; };
		DBB96DFE1BA1EE3200586333 /* StatusCell.swift */ = {isa = PBXFileReference; fileEncoding = 4; lastKnownFileType = sourcecode.swift; path = StatusCell.swift; sourceTree = "<group>"; };
		DBC608C41BA1CB990052E0A8 /* UIView+AutoLayout.swift */ = {isa = PBXFileReference; fileEncoding = 4; lastKnownFileType = sourcecode.swift; path = "UIView+AutoLayout.swift"; sourceTree = "<group>"; };
		DBC608C61BA1D85D0052E0A8 /* Status.swift */ = {isa = PBXFileReference; fileEncoding = 4; lastKnownFileType = sourcecode.swift; path = Status.swift; sourceTree = "<group>"; };
		DBC608C81BA1D86B0052E0A8 /* User.swift */ = {isa = PBXFileReference; fileEncoding = 4; lastKnownFileType = sourcecode.swift; path = User.swift; sourceTree = "<group>"; };
		DBC638241BA5B79C00B387D5 /* DSRefreshControl.swift */ = {isa = PBXFileReference; fileEncoding = 4; lastKnownFileType = sourcecode.swift; path = DSRefreshControl.swift; sourceTree = "<group>"; };
		DBC638261BA5B7D200B387D5 /* DSRefreshView.xib */ = {isa = PBXFileReference; fileEncoding = 4; lastKnownFileType = file.xib; path = DSRefreshView.xib; sourceTree = "<group>"; };
		DBE1097F1BAFFBA800A8DE56 /* FFLabel.swift */ = {isa = PBXFileReference; fileEncoding = 4; lastKnownFileType = sourcecode.swift; path = FFLabel.swift; sourceTree = "<group>"; };
		DBE109811BB0028500A8DE56 /* WebViewController.swift */ = {isa = PBXFileReference; fileEncoding = 4; lastKnownFileType = sourcecode.swift; path = WebViewController.swift; sourceTree = "<group>"; };
		DBEC24521BB257030089E4B2 /* SQLiteManager.swift */ = {isa = PBXFileReference; fileEncoding = 4; lastKnownFileType = sourcecode.swift; path = SQLiteManager.swift; sourceTree = "<group>"; };
		DBEC24551BB2571B0089E4B2 /* FMDatabase.h */ = {isa = PBXFileReference; fileEncoding = 4; lastKnownFileType = sourcecode.c.h; path = FMDatabase.h; sourceTree = "<group>"; };
		DBEC24561BB2571B0089E4B2 /* FMDatabase.m */ = {isa = PBXFileReference; fileEncoding = 4; lastKnownFileType = sourcecode.c.objc; path = FMDatabase.m; sourceTree = "<group>"; };
		DBEC24571BB2571B0089E4B2 /* FMDatabaseAdditions.h */ = {isa = PBXFileReference; fileEncoding = 4; lastKnownFileType = sourcecode.c.h; path = FMDatabaseAdditions.h; sourceTree = "<group>"; };
		DBEC24581BB2571B0089E4B2 /* FMDatabaseAdditions.m */ = {isa = PBXFileReference; fileEncoding = 4; lastKnownFileType = sourcecode.c.objc; path = FMDatabaseAdditions.m; sourceTree = "<group>"; };
		DBEC24591BB2571B0089E4B2 /* FMDatabasePool.h */ = {isa = PBXFileReference; fileEncoding = 4; lastKnownFileType = sourcecode.c.h; path = FMDatabasePool.h; sourceTree = "<group>"; };
		DBEC245A1BB2571B0089E4B2 /* FMDatabasePool.m */ = {isa = PBXFileReference; fileEncoding = 4; lastKnownFileType = sourcecode.c.objc; path = FMDatabasePool.m; sourceTree = "<group>"; };
		DBEC245B1BB2571B0089E4B2 /* FMDatabaseQueue.h */ = {isa = PBXFileReference; fileEncoding = 4; lastKnownFileType = sourcecode.c.h; path = FMDatabaseQueue.h; sourceTree = "<group>"; };
		DBEC245C1BB2571B0089E4B2 /* FMDatabaseQueue.m */ = {isa = PBXFileReference; fileEncoding = 4; lastKnownFileType = sourcecode.c.objc; path = FMDatabaseQueue.m; sourceTree = "<group>"; };
		DBEC245D1BB2571B0089E4B2 /* FMDB.h */ = {isa = PBXFileReference; fileEncoding = 4; lastKnownFileType = sourcecode.c.h; path = FMDB.h; sourceTree = "<group>"; };
		DBEC245E1BB2571B0089E4B2 /* FMResultSet.h */ = {isa = PBXFileReference; fileEncoding = 4; lastKnownFileType = sourcecode.c.h; path = FMResultSet.h; sourceTree = "<group>"; };
		DBEC245F1BB2571B0089E4B2 /* FMResultSet.m */ = {isa = PBXFileReference; fileEncoding = 4; lastKnownFileType = sourcecode.c.objc; path = FMResultSet.m; sourceTree = "<group>"; };
		DBEC24611BB2571B0089E4B2 /* FMDatabaseAdditionsVariadic.swift */ = {isa = PBXFileReference; fileEncoding = 4; lastKnownFileType = sourcecode.swift; path = FMDatabaseAdditionsVariadic.swift; sourceTree = "<group>"; };
		DBEC24621BB2571B0089E4B2 /* FMDatabaseVariadic.swift */ = {isa = PBXFileReference; fileEncoding = 4; lastKnownFileType = sourcecode.swift; path = FMDatabaseVariadic.swift; sourceTree = "<group>"; };
		DBEC246B1BB257770089E4B2 /* tables.sql */ = {isa = PBXFileReference; fileEncoding = 4; lastKnownFileType = text; path = tables.sql; sourceTree = "<group>"; };
		DBEC246E1BB257F30089E4B2 /* libsqlite3.tbd */ = {isa = PBXFileReference; lastKnownFileType = "sourcecode.text-based-dylib-definition"; name = libsqlite3.tbd; path = usr/lib/libsqlite3.tbd; sourceTree = SDKROOT; };
		DBEC24701BB258710089E4B2 /* Header-Bridge.h */ = {isa = PBXFileReference; fileEncoding = 4; lastKnownFileType = sourcecode.c.h; path = "Header-Bridge.h"; sourceTree = "<group>"; };
		DBEC24711BB25A280089E4B2 /* StatusDAL.swift */ = {isa = PBXFileReference; fileEncoding = 4; lastKnownFileType = sourcecode.swift; path = StatusDAL.swift; sourceTree = "<group>"; };
		DC0FBCB9C1FEC6DDA7EC0D83 /* Pods.debug.xcconfig */ = {isa = PBXFileReference; includeInIndex = 1; lastKnownFileType = text.xcconfig; name = Pods.debug.xcconfig; path = "Pods/Target Support Files/Pods/Pods.debug.xcconfig"; sourceTree = "<group>"; };
/* End PBXFileReference section */

/* Begin PBXFrameworksBuildPhase section */
		DBAEFF2B1B9C13D700C471E4 /* Frameworks */ = {
			isa = PBXFrameworksBuildPhase;
			buildActionMask = 2147483647;
			files = (
				DBEC246F1BB257F30089E4B2 /* libsqlite3.tbd in Frameworks */,
				8E794D96EEB29CD40D2C40C7 /* Pods.framework in Frameworks */,
			);
			runOnlyForDeploymentPostprocessing = 0;
		};
/* End PBXFrameworksBuildPhase section */

/* Begin PBXGroup section */
		588DFC3C180646475D5E697F /* Pods */ = {
			isa = PBXGroup;
			children = (
				DC0FBCB9C1FEC6DDA7EC0D83 /* Pods.debug.xcconfig */,
				D437C08358591E407F77627D /* Pods.release.xcconfig */,
			);
			name = Pods;
			sourceTree = "<group>";
		};
		801221FBE5AC0A7C60924A32 /* Frameworks */ = {
			isa = PBXGroup;
			children = (
				DBEC246E1BB257F30089E4B2 /* libsqlite3.tbd */,
				7BC76849E26A254FD1DA6978 /* Pods.framework */,
			);
			name = Frameworks;
			sourceTree = "<group>";
		};
		DB09CF291B9DE84000027BFE /* OAuth(授权) */ = {
			isa = PBXGroup;
			children = (
				DB09CF2A1B9DE86600027BFE /* oauthViewController.swift */,
			);
			path = "OAuth(授权)";
			sourceTree = "<group>";
		};
		DB0DB3AA1BA87BD100C9A4CA /* Emoticon */ = {
			isa = PBXGroup;
			children = (
				DB0DB3AD1BA87BD100C9A4CA /* Emoticons.bundle */,
				DB0DB3AE1BA87BD100C9A4CA /* EmoticonViewController.swift */,
				DB0DB3AB1BA87BD100C9A4CA /* Emoticon.swift */,
				DB0DB3AC1BA87BD100C9A4CA /* EmoticonAttachment.swift */,
				DB0DB3AF1BA87BD100C9A4CA /* UITextView + Emoticon.swift */,
			);
			path = Emoticon;
			sourceTree = "<group>";
		};
		DB1E482B1B9C17B90030E014 /* Classes */ = {
			isa = PBXGroup;
			children = (
				DBEC246A1BB257770089E4B2 /* Resource */,
				DB1E482C1B9C17B90030E014 /* Model(业务模型) */,
				DB1E482D1B9C17B90030E014 /* Module(功能模块) */,
				DB1E482E1B9C17B90030E014 /* Tools(工具) */,
			);
			path = Classes;
			sourceTree = "<group>";
		};
		DB1E482C1B9C17B90030E014 /* Model(业务模型) */ = {
			isa = PBXGroup;
			children = (
				DB09CF2E1B9E00D200027BFE /* UserAccount.swift */,
				DBC608C61BA1D85D0052E0A8 /* Status.swift */,
				DBEC24711BB25A280089E4B2 /* StatusDAL.swift */,
				DBC608C81BA1D86B0052E0A8 /* User.swift */,
			);
			name = "Model(业务模型)";
			path = Model;
			sourceTree = "<group>";
		};
		DB1E482D1B9C17B90030E014 /* Module(功能模块) */ = {
			isa = PBXGroup;
			children = (
				DB4DFA601BA5DE2100FE0675 /* Compose(发微博) */,
				DBB8103A1BA002B000EBB0FD /* NewFeature(新特性&欢迎) */,
				DB09CF291B9DE84000027BFE /* OAuth(授权) */,
				DB1E48361B9C19480030E014 /* Main */,
				DB1E48351B9C19480030E014 /* Home(首页) */,
				DB1E48371B9C19480030E014 /* Message(消息) */,
				DB1E48341B9C19480030E014 /* Discover(发现) */,
				DB1E48381B9C19480030E014 /* Profile(我) */,
			);
			name = "Module(功能模块)";
			path = Module;
			sourceTree = "<group>";
		};
		DB1E482E1B9C17B90030E014 /* Tools(工具) */ = {
			isa = PBXGroup;
			children = (
				DBEC24541BB2571B0089E4B2 /* fmdb */,
				DB5F35611BA9C8B2000C0D14 /* PhotoSelected */,
				DB0DB3AA1BA87BD100C9A4CA /* Emoticon */,
				DBE1097F1BAFFBA800A8DE56 /* FFLabel.swift */,
				DB09CF2C1B9DEBB900027BFE /* NetworkTool.swift */,
				DBC608C41BA1CB990052E0A8 /* UIView+AutoLayout.swift */,
				DB587C2A1BA1F38F00B53208 /* UILabel + Extension.swift */,
				DB778C711BA4282D00F89D0B /* UIButton + Extension.swift */,
				DB4DFA631BA5E42F00FE0675 /* UIBarButtonItem + Extension.swift */,
				DB5F355F1BA9C83E000C0D14 /* UIImage + Extension.swift */,
				DB6769331BABB3BA00876B64 /* UIColor + Extension.swift */,
				DB7668091BADC08200334AC7 /* NSDate + Extension.swift */,
				DB76680B1BADC6ED00334AC7 /* String + Extension.swift */,
				DBEC24521BB257030089E4B2 /* SQLiteManager.swift */,
			);
			name = "Tools(工具)";
			path = Tools;
			sourceTree = "<group>";
		};
		DB1E48341B9C19480030E014 /* Discover(发现) */ = {
			isa = PBXGroup;
			children = (
				DB1E483F1B9C19A70030E014 /* DiscoverTableViewController.swift */,
			);
			path = "Discover(发现)";
			sourceTree = "<group>";
		};
		DB1E48351B9C19480030E014 /* Home(首页) */ = {
			isa = PBXGroup;
			children = (
				DB9F6FAF1BAB9DDF00024039 /* PhotoBrowser */,
				DBC638231BA5B77000B387D5 /* RefreshControl */,
				DBB96DFD1BA1EE1A00586333 /* StatusCell */,
				DB1E483B1B9C19830030E014 /* HomeTableViewController.swift */,
				DBE109811BB0028500A8DE56 /* WebViewController.swift */,
			);
			path = "Home(首页)";
			sourceTree = "<group>";
		};
		DB1E48361B9C19480030E014 /* Main */ = {
			isa = PBXGroup;
			children = (
				DB1E48391B9C196A0030E014 /* MainViewController.swift */,
				DB1E48431B9C301E0030E014 /* BaseTableViewController.swift */,
				DB7D2E921B9DA1C70009556D /* VisitLoginView.swift */,
			);
			path = Main;
			sourceTree = "<group>";
		};
		DB1E48371B9C19480030E014 /* Message(消息) */ = {
			isa = PBXGroup;
			children = (
				DB1E483D1B9C19990030E014 /* MessageTableViewController.swift */,
			);
			path = "Message(消息)";
			sourceTree = "<group>";
		};
		DB1E48381B9C19480030E014 /* Profile(我) */ = {
			isa = PBXGroup;
			children = (
				DB1E48411B9C19B50030E014 /* ProfileTableViewController.swift */,
			);
			path = "Profile(我)";
			sourceTree = "<group>";
		};
		DB4DFA601BA5DE2100FE0675 /* Compose(发微博) */ = {
			isa = PBXGroup;
			children = (
				DB4DFA611BA5DEB200FE0675 /* ComposeViewController.swift */,
			);
			path = "Compose(发微博)";
			sourceTree = "<group>";
		};
		DB5F35611BA9C8B2000C0D14 /* PhotoSelected */ = {
			isa = PBXGroup;
			children = (
				DB5F35621BA9C8B2000C0D14 /* PhotoSelectedCollectionViewController.swift */,
			);
			path = PhotoSelected;
			sourceTree = "<group>";
		};
		DB9F6FAF1BAB9DDF00024039 /* PhotoBrowser */ = {
			isa = PBXGroup;
			children = (
				DB9F6FB01BAB9DFF00024039 /* PhotoBrowserController.swift */,
				DB6769311BABB25E00876B64 /* PhotoCell.swift */,
			);
			path = PhotoBrowser;
			sourceTree = "<group>";
		};
		DBAEFF251B9C13D700C471E4 = {
			isa = PBXGroup;
			children = (
				DBAEFF301B9C13D700C471E4 /* weiboInSwift */,
				DBAEFF2F1B9C13D700C471E4 /* Products */,
				588DFC3C180646475D5E697F /* Pods */,
				801221FBE5AC0A7C60924A32 /* Frameworks */,
			);
			sourceTree = "<group>";
		};
		DBAEFF2F1B9C13D700C471E4 /* Products */ = {
			isa = PBXGroup;
			children = (
				DBAEFF2E1B9C13D700C471E4 /* weiboInSwift.app */,
			);
			name = Products;
			sourceTree = "<group>";
		};
		DBAEFF301B9C13D700C471E4 /* weiboInSwift */ = {
			isa = PBXGroup;
			children = (
				DBAEFF311B9C13D700C471E4 /* AppDelegate.swift */,
				DBEC24701BB258710089E4B2 /* Header-Bridge.h */,
				DB1E482B1B9C17B90030E014 /* Classes */,
				DBAEFF381B9C13D700C471E4 /* Assets.xcassets */,
				DBAEFF3D1B9C13D700C471E4 /* Info.plist */,
			);
			path = weiboInSwift;
			sourceTree = "<group>";
		};
		DBB8103A1BA002B000EBB0FD /* NewFeature(新特性&欢迎) */ = {
			isa = PBXGroup;
			children = (
				DBB8103B1BA002E800EBB0FD /* WelcomeViewController.swift */,
				DB608BDD1BA012BF00DFDA32 /* NewfeatureCollectionViewController.swift */,
			);
			path = "NewFeature(新特性&欢迎)";
			sourceTree = "<group>";
		};
		DBB96DFD1BA1EE1A00586333 /* StatusCell */ = {
			isa = PBXGroup;
			children = (
				DBB96DFE1BA1EE3200586333 /* StatusCell.swift */,
				DB778C771BA454A600F89D0B /* RetweetCell.swift */,
				DB778C791BA4685000F89D0B /* NormalCell.swift */,
				DB587C281BA1F0AB00B53208 /* TopView.swift */,
				DB778C6F1BA4259200F89D0B /* BottomView.swift */,
				DB778C751BA42E7B00F89D0B /* PictureView.swift */,
			);
			path = StatusCell;
			sourceTree = "<group>";
		};
		DBC638231BA5B77000B387D5 /* RefreshControl */ = {
			isa = PBXGroup;
			children = (
				DBC638241BA5B79C00B387D5 /* DSRefreshControl.swift */,
				DBC638261BA5B7D200B387D5 /* DSRefreshView.xib */,
			);
			path = RefreshControl;
			sourceTree = "<group>";
		};
		DBEC24541BB2571B0089E4B2 /* fmdb */ = {
			isa = PBXGroup;
			children = (
				DBEC24551BB2571B0089E4B2 /* FMDatabase.h */,
				DBEC24561BB2571B0089E4B2 /* FMDatabase.m */,
				DBEC24571BB2571B0089E4B2 /* FMDatabaseAdditions.h */,
				DBEC24581BB2571B0089E4B2 /* FMDatabaseAdditions.m */,
				DBEC24591BB2571B0089E4B2 /* FMDatabasePool.h */,
				DBEC245A1BB2571B0089E4B2 /* FMDatabasePool.m */,
				DBEC245B1BB2571B0089E4B2 /* FMDatabaseQueue.h */,
				DBEC245C1BB2571B0089E4B2 /* FMDatabaseQueue.m */,
				DBEC245D1BB2571B0089E4B2 /* FMDB.h */,
				DBEC245E1BB2571B0089E4B2 /* FMResultSet.h */,
				DBEC245F1BB2571B0089E4B2 /* FMResultSet.m */,
				DBEC24601BB2571B0089E4B2 /* Swift extensions */,
			);
			path = fmdb;
			sourceTree = "<group>";
		};
		DBEC24601BB2571B0089E4B2 /* Swift extensions */ = {
			isa = PBXGroup;
			children = (
				DBEC24611BB2571B0089E4B2 /* FMDatabaseAdditionsVariadic.swift */,
				DBEC24621BB2571B0089E4B2 /* FMDatabaseVariadic.swift */,
			);
			path = "Swift extensions";
			sourceTree = "<group>";
		};
		DBEC246A1BB257770089E4B2 /* Resource */ = {
			isa = PBXGroup;
			children = (
				DBEC246B1BB257770089E4B2 /* tables.sql */,
			);
			path = Resource;
			sourceTree = "<group>";
		};
/* End PBXGroup section */

/* Begin PBXNativeTarget section */
		DBAEFF2D1B9C13D700C471E4 /* weiboInSwift */ = {
			isa = PBXNativeTarget;
			buildConfigurationList = DBAEFF401B9C13D700C471E4 /* Build configuration list for PBXNativeTarget "weiboInSwift" */;
			buildPhases = (
				846C54C421572CBA7B99001A /* Check Pods Manifest.lock */,
				DBAEFF2A1B9C13D700C471E4 /* Sources */,
				DBAEFF2B1B9C13D700C471E4 /* Frameworks */,
				DBAEFF2C1B9C13D700C471E4 /* Resources */,
				60640E4DD89ED1DF38C0B2E4 /* Embed Pods Frameworks */,
				56B4D449CA545614EDDB94F7 /* Copy Pods Resources */,
				DB7F90FA1BA52A4100A79E40 /* CopyFiles */,
			);
			buildRules = (
			);
			dependencies = (
			);
			name = weiboInSwift;
			productName = weiboInSwift;
			productReference = DBAEFF2E1B9C13D700C471E4 /* weiboInSwift.app */;
			productType = "com.apple.product-type.application";
		};
/* End PBXNativeTarget section */

/* Begin PBXProject section */
		DBAEFF261B9C13D700C471E4 /* Project object */ = {
			isa = PBXProject;
			attributes = {
				LastUpgradeCheck = 0700;
				ORGANIZATIONNAME = "逗叔";
				TargetAttributes = {
					DBAEFF2D1B9C13D700C471E4 = {
						CreatedOnToolsVersion = 7.0;
					};
				};
			};
			buildConfigurationList = DBAEFF291B9C13D700C471E4 /* Build configuration list for PBXProject "weiboInSwift" */;
			compatibilityVersion = "Xcode 3.2";
			developmentRegion = English;
			hasScannedForEncodings = 0;
			knownRegions = (
				en,
				Base,
			);
			mainGroup = DBAEFF251B9C13D700C471E4;
			productRefGroup = DBAEFF2F1B9C13D700C471E4 /* Products */;
			projectDirPath = "";
			projectRoot = "";
			targets = (
				DBAEFF2D1B9C13D700C471E4 /* weiboInSwift */,
			);
		};
/* End PBXProject section */

/* Begin PBXResourcesBuildPhase section */
		DBAEFF2C1B9C13D700C471E4 /* Resources */ = {
			isa = PBXResourcesBuildPhase;
			buildActionMask = 2147483647;
			files = (
				DBAEFF391B9C13D700C471E4 /* Assets.xcassets in Resources */,
				DB0DB3B21BA87BD100C9A4CA /* Emoticons.bundle in Resources */,
				DBC638271BA5B7D200B387D5 /* DSRefreshView.xib in Resources */,
				DBEC246C1BB257770089E4B2 /* tables.sql in Resources */,
			);
			runOnlyForDeploymentPostprocessing = 0;
		};
/* End PBXResourcesBuildPhase section */

/* Begin PBXShellScriptBuildPhase section */
		56B4D449CA545614EDDB94F7 /* Copy Pods Resources */ = {
			isa = PBXShellScriptBuildPhase;
			buildActionMask = 2147483647;
			files = (
			);
			inputPaths = (
			);
			name = "Copy Pods Resources";
			outputPaths = (
			);
			runOnlyForDeploymentPostprocessing = 0;
			shellPath = /bin/sh;
			shellScript = "\"${SRCROOT}/Pods/Target Support Files/Pods/Pods-resources.sh\"\n";
			showEnvVarsInLog = 0;
		};
		60640E4DD89ED1DF38C0B2E4 /* Embed Pods Frameworks */ = {
			isa = PBXShellScriptBuildPhase;
			buildActionMask = 2147483647;
			files = (
			);
			inputPaths = (
			);
			name = "Embed Pods Frameworks";
			outputPaths = (
			);
			runOnlyForDeploymentPostprocessing = 0;
			shellPath = /bin/sh;
			shellScript = "\"${SRCROOT}/Pods/Target Support Files/Pods/Pods-frameworks.sh\"\n";
			showEnvVarsInLog = 0;
		};
		846C54C421572CBA7B99001A /* Check Pods Manifest.lock */ = {
			isa = PBXShellScriptBuildPhase;
			buildActionMask = 2147483647;
			files = (
			);
			inputPaths = (
			);
			name = "Check Pods Manifest.lock";
			outputPaths = (
			);
			runOnlyForDeploymentPostprocessing = 0;
			shellPath = /bin/sh;
			shellScript = "diff \"${PODS_ROOT}/../Podfile.lock\" \"${PODS_ROOT}/Manifest.lock\" > /dev/null\nif [[ $? != 0 ]] ; then\n    cat << EOM\nerror: The sandbox is not in sync with the Podfile.lock. Run 'pod install' or update your CocoaPods installation.\nEOM\n    exit 1\nfi\n";
			showEnvVarsInLog = 0;
		};
/* End PBXShellScriptBuildPhase section */

/* Begin PBXSourcesBuildPhase section */
		DBAEFF2A1B9C13D700C471E4 /* Sources */ = {
			isa = PBXSourcesBuildPhase;
			buildActionMask = 2147483647;
			files = (
				DB1E48421B9C19B50030E014 /* ProfileTableViewController.swift in Sources */,
				DB5F35631BA9C8B2000C0D14 /* PhotoSelectedCollectionViewController.swift in Sources */,
				DBEC24681BB2571B0089E4B2 /* FMDatabaseAdditionsVariadic.swift in Sources */,
				DB1E483C1B9C19830030E014 /* HomeTableViewController.swift in Sources */,
				DBEC24631BB2571B0089E4B2 /* FMDatabase.m in Sources */,
				DBE109801BAFFBA800A8DE56 /* FFLabel.swift in Sources */,
				DBEC24651BB2571B0089E4B2 /* FMDatabasePool.m in Sources */,
				DBEC24721BB25A280089E4B2 /* StatusDAL.swift in Sources */,
				DB7D2E931B9DA1C70009556D /* VisitLoginView.swift in Sources */,
				DBC608C51BA1CB990052E0A8 /* UIView+AutoLayout.swift in Sources */,
				DB9F6FB11BAB9DFF00024039 /* PhotoBrowserController.swift in Sources */,
				DB778C781BA454A600F89D0B /* RetweetCell.swift in Sources */,
				DB4DFA621BA5DEB200FE0675 /* ComposeViewController.swift in Sources */,
				DBB96DFF1BA1EE3200586333 /* StatusCell.swift in Sources */,
				DB6769341BABB3BA00876B64 /* UIColor + Extension.swift in Sources */,
				DBEC24691BB2571B0089E4B2 /* FMDatabaseVariadic.swift in Sources */,
				DB76680C1BADC6ED00334AC7 /* String + Extension.swift in Sources */,
				DB5F35601BA9C83E000C0D14 /* UIImage + Extension.swift in Sources */,
				DB778C761BA42E7B00F89D0B /* PictureView.swift in Sources */,
				DBC608C91BA1D86B0052E0A8 /* User.swift in Sources */,
				DB0DB3B11BA87BD100C9A4CA /* EmoticonAttachment.swift in Sources */,
				DB0DB3B31BA87BD100C9A4CA /* EmoticonViewController.swift in Sources */,
				DBAEFF321B9C13D700C471E4 /* AppDelegate.swift in Sources */,
				DB587C2B1BA1F38F00B53208 /* UILabel + Extension.swift in Sources */,
				DB09CF2F1B9E00D200027BFE /* UserAccount.swift in Sources */,
				DB09CF2D1B9DEBB900027BFE /* NetworkTool.swift in Sources */,
				DB778C7A1BA4685000F89D0B /* NormalCell.swift in Sources */,
				DB608BDE1BA012BF00DFDA32 /* NewfeatureCollectionViewController.swift in Sources */,
				DBE109821BB0028500A8DE56 /* WebViewController.swift in Sources */,
				DB1E48441B9C301E0030E014 /* BaseTableViewController.swift in Sources */,
				DBEC24531BB257030089E4B2 /* SQLiteManager.swift in Sources */,
				DB6769321BABB25E00876B64 /* PhotoCell.swift in Sources */,
				DB1E483E1B9C19990030E014 /* MessageTableViewController.swift in Sources */,
				DB09CF2B1B9DE86600027BFE /* oauthViewController.swift in Sources */,
				DBC608C71BA1D85D0052E0A8 /* Status.swift in Sources */,
				DBB8103C1BA002E800EBB0FD /* WelcomeViewController.swift in Sources */,
				DBC638251BA5B79C00B387D5 /* DSRefreshControl.swift in Sources */,
				DB1E48401B9C19A70030E014 /* DiscoverTableViewController.swift in Sources */,
				DBEC24661BB2571B0089E4B2 /* FMDatabaseQueue.m in Sources */,
				DB778C721BA4282D00F89D0B /* UIButton + Extension.swift in Sources */,
				DB76680A1BADC08200334AC7 /* NSDate + Extension.swift in Sources */,
				DBEC24641BB2571B0089E4B2 /* FMDatabaseAdditions.m in Sources */,
				DB587C291BA1F0AB00B53208 /* TopView.swift in Sources */,
				DBEC24671BB2571B0089E4B2 /* FMResultSet.m in Sources */,
				DB4DFA641BA5E42F00FE0675 /* UIBarButtonItem + Extension.swift in Sources */,
				DB1E483A1B9C196A0030E014 /* MainViewController.swift in Sources */,
				DB778C701BA4259200F89D0B /* BottomView.swift in Sources */,
				DB0DB3B41BA87BD100C9A4CA /* UITextView + Emoticon.swift in Sources */,
				DB0DB3B01BA87BD100C9A4CA /* Emoticon.swift in Sources */,
			);
			runOnlyForDeploymentPostprocessing = 0;
		};
/* End PBXSourcesBuildPhase section */

/* Begin XCBuildConfiguration section */
		DBAEFF3E1B9C13D700C471E4 /* Debug */ = {
			isa = XCBuildConfiguration;
			buildSettings = {
				ALWAYS_SEARCH_USER_PATHS = NO;
				CLANG_CXX_LANGUAGE_STANDARD = "gnu++0x";
				CLANG_CXX_LIBRARY = "libc++";
				CLANG_ENABLE_MODULES = YES;
				CLANG_ENABLE_OBJC_ARC = YES;
				CLANG_WARN_BOOL_CONVERSION = YES;
				CLANG_WARN_CONSTANT_CONVERSION = YES;
				CLANG_WARN_DIRECT_OBJC_ISA_USAGE = YES_ERROR;
				CLANG_WARN_EMPTY_BODY = YES;
				CLANG_WARN_ENUM_CONVERSION = YES;
				CLANG_WARN_INT_CONVERSION = YES;
				CLANG_WARN_OBJC_ROOT_CLASS = YES_ERROR;
				CLANG_WARN_UNREACHABLE_CODE = YES;
				CLANG_WARN__DUPLICATE_METHOD_MATCH = YES;
				"CODE_SIGN_IDENTITY[sdk=iphoneos*]" = "iPhone Developer";
				COPY_PHASE_STRIP = NO;
				DEBUG_INFORMATION_FORMAT = dwarf;
				ENABLE_STRICT_OBJC_MSGSEND = YES;
				ENABLE_TESTABILITY = YES;
				GCC_C_LANGUAGE_STANDARD = gnu99;
				GCC_DYNAMIC_NO_PIC = NO;
				GCC_NO_COMMON_BLOCKS = YES;
				GCC_OPTIMIZATION_LEVEL = 0;
				GCC_PREPROCESSOR_DEFINITIONS = (
					"DEBUG=1",
					"$(inherited)",
				);
				GCC_WARN_64_TO_32_BIT_CONVERSION = YES;
				GCC_WARN_ABOUT_RETURN_TYPE = YES_ERROR;
				GCC_WARN_UNDECLARED_SELECTOR = YES;
				GCC_WARN_UNINITIALIZED_AUTOS = YES_AGGRESSIVE;
				GCC_WARN_UNUSED_FUNCTION = YES;
				GCC_WARN_UNUSED_VARIABLE = YES;
				IPHONEOS_DEPLOYMENT_TARGET = 9.0;
				MTL_ENABLE_DEBUG_INFO = YES;
				ONLY_ACTIVE_ARCH = YES;
				SDKROOT = iphoneos;
				SWIFT_OPTIMIZATION_LEVEL = "-Onone";
			};
			name = Debug;
		};
		DBAEFF3F1B9C13D700C471E4 /* Release */ = {
			isa = XCBuildConfiguration;
			buildSettings = {
				ALWAYS_SEARCH_USER_PATHS = NO;
				CLANG_CXX_LANGUAGE_STANDARD = "gnu++0x";
				CLANG_CXX_LIBRARY = "libc++";
				CLANG_ENABLE_MODULES = YES;
				CLANG_ENABLE_OBJC_ARC = YES;
				CLANG_WARN_BOOL_CONVERSION = YES;
				CLANG_WARN_CONSTANT_CONVERSION = YES;
				CLANG_WARN_DIRECT_OBJC_ISA_USAGE = YES_ERROR;
				CLANG_WARN_EMPTY_BODY = YES;
				CLANG_WARN_ENUM_CONVERSION = YES;
				CLANG_WARN_INT_CONVERSION = YES;
				CLANG_WARN_OBJC_ROOT_CLASS = YES_ERROR;
				CLANG_WARN_UNREACHABLE_CODE = YES;
				CLANG_WARN__DUPLICATE_METHOD_MATCH = YES;
				"CODE_SIGN_IDENTITY[sdk=iphoneos*]" = "iPhone Developer";
				COPY_PHASE_STRIP = NO;
				DEBUG_INFORMATION_FORMAT = "dwarf-with-dsym";
				ENABLE_NS_ASSERTIONS = NO;
				ENABLE_STRICT_OBJC_MSGSEND = YES;
				GCC_C_LANGUAGE_STANDARD = gnu99;
				GCC_NO_COMMON_BLOCKS = YES;
				GCC_WARN_64_TO_32_BIT_CONVERSION = YES;
				GCC_WARN_ABOUT_RETURN_TYPE = YES_ERROR;
				GCC_WARN_UNDECLARED_SELECTOR = YES;
				GCC_WARN_UNINITIALIZED_AUTOS = YES_AGGRESSIVE;
				GCC_WARN_UNUSED_FUNCTION = YES;
				GCC_WARN_UNUSED_VARIABLE = YES;
				IPHONEOS_DEPLOYMENT_TARGET = 9.0;
				MTL_ENABLE_DEBUG_INFO = NO;
				SDKROOT = iphoneos;
				VALIDATE_PRODUCT = YES;
			};
			name = Release;
		};
		DBAEFF411B9C13D700C471E4 /* Debug */ = {
			isa = XCBuildConfiguration;
			baseConfigurationReference = DC0FBCB9C1FEC6DDA7EC0D83 /* Pods.debug.xcconfig */;
			buildSettings = {
				ASSETCATALOG_COMPILER_APPICON_NAME = AppIcon;
				ASSETCATALOG_COMPILER_LAUNCHIMAGE_NAME = LaunchImage;
				INFOPLIST_FILE = weiboInSwift/Info.plist;
				LD_RUNPATH_SEARCH_PATHS = "$(inherited) @executable_path/Frameworks";
				PRODUCT_BUNDLE_IDENTIFIER = cn.itcast.weiboInSwift;
				PRODUCT_NAME = "$(TARGET_NAME)";
				SWIFT_OBJC_BRIDGING_HEADER = "weiboInSwift/Header-Bridge.h";
			};
			name = Debug;
		};
		DBAEFF421B9C13D700C471E4 /* Release */ = {
			isa = XCBuildConfiguration;
			baseConfigurationReference = D437C08358591E407F77627D /* Pods.release.xcconfig */;
			buildSettings = {
				ASSETCATALOG_COMPILER_APPICON_NAME = AppIcon;
				ASSETCATALOG_COMPILER_LAUNCHIMAGE_NAME = LaunchImage;
				INFOPLIST_FILE = weiboInSwift/Info.plist;
				LD_RUNPATH_SEARCH_PATHS = "$(inherited) @executable_path/Frameworks";
				PRODUCT_BUNDLE_IDENTIFIER = cn.itcast.weiboInSwift;
				PRODUCT_NAME = "$(TARGET_NAME)";
				SWIFT_OBJC_BRIDGING_HEADER = "weiboInSwift/Header-Bridge.h";
			};
			name = Release;
		};
/* End XCBuildConfiguration section */

/* Begin XCConfigurationList section */
		DBAEFF291B9C13D700C471E4 /* Build configuration list for PBXProject "weiboInSwift" */ = {
			isa = XCConfigurationList;
			buildConfigurations = (
				DBAEFF3E1B9C13D700C471E4 /* Debug */,
				DBAEFF3F1B9C13D700C471E4 /* Release */,
			);
			defaultConfigurationIsVisible = 0;
			defaultConfigurationName = Release;
		};
		DBAEFF401B9C13D700C471E4 /* Build configuration list for PBXNativeTarget "weiboInSwift" */ = {
			isa = XCConfigurationList;
			buildConfigurations = (
				DBAEFF411B9C13D700C471E4 /* Debug */,
				DBAEFF421B9C13D700C471E4 /* Release */,
			);
			defaultConfigurationIsVisible = 0;
			defaultConfigurationName = Release;
		};
/* End XCConfigurationList section */
	};
	rootObject = DBAEFF261B9C13D700C471E4 /* Project object */;
}
